
Microsoft Visual Studio Solution File, Format Version 12.00
# Visual Studio 15
VisualStudioVersion = 15.0.28010.2003
MinimumVisualStudioVersion = 10.0.40219.1
Project("{FAE04EC0-301F-11D3-BF4B-00C04F79EFBC}") = "BizRuntime_Test", "BizRuntime_Test\BizRuntime_Test.csproj", "{687F599C-8D13-46E2-9E1E-8A1BF9E1A74D}"
EndProject
Project("{2150E333-8FDC-42A3-9474-1A3956D46DE8}") = "Solution Items", "Solution Items", "{93F505CA-5AF5-4C51-B975-EA3090B5A11D}"
	ProjectSection(SolutionItems) = preProject
		Display.html = Display.html
		HTMLPage.html = HTMLPage.html
		LoginForm.html = LoginForm.html
		Validation.html = Validation.html
	EndProjectSection
EndProject
Project("{FAE04EC0-301F-11D3-BF4B-00C04F79EFBC}") = "ModelClass", "ModelClass\ModelClass.csproj", "{8C1D452C-4E6E-491C-82D5-437C3F137276}"
EndProject
Project("{FAE04EC0-301F-11D3-BF4B-00C04F79EFBC}") = "client", "client\client.csproj", "{1AD6A35C-1759-4966-9071-F633654D0FDC}"
EndProject
Project("{FAE04EC0-301F-11D3-BF4B-00C04F79EFBC}") = "Server", "Server\Server.csproj", "{C1E48B4B-AA42-4DF3-ABE1-19D7319996F2}"
EndProject
Project("{FAE04EC0-301F-11D3-BF4B-00C04F79EFBC}") = "ADO.net", "ADO.net\ADO.net.csproj", "{0D81F537-DC45-425B-B58B-9DF693D6E880}"
EndProject
Global
	GlobalSection(SolutionConfigurationPlatforms) = preSolution
		Debug|Any CPU = Debug|Any CPU
		Release|Any CPU = Release|Any CPU
	EndGlobalSection
	GlobalSection(ProjectConfigurationPlatforms) = postSolution
		{687F599C-8D13-46E2-9E1E-8A1BF9E1A74D}.Debug|Any CPU.ActiveCfg = Debug|Any CPU
		{687F599C-8D13-46E2-9E1E-8A1BF9E1A74D}.Debug|Any CPU.Build.0 = Debug|Any CPU
		{687F599C-8D13-46E2-9E1E-8A1BF9E1A74D}.Release|Any CPU.ActiveCfg = Release|Any CPU
		{687F599C-8D13-46E2-9E1E-8A1BF9E1A74D}.Release|Any CPU.Build.0 = Release|Any CPU
		{8C1D452C-4E6E-491C-82D5-437C3F137276}.Debug|Any CPU.ActiveCfg = Debug|Any CPU
		{8C1D452C-4E6E-491C-82D5-437C3F137276}.Debug|Any CPU.Build.0 = Debug|Any CPU
		{8C1D452C-4E6E-491C-82D5-437C3F137276}.Release|Any CPU.ActiveCfg = Release|Any CPU
		{8C1D452C-4E6E-491C-82D5-437C3F137276}.Release|Any CPU.Build.0 = Release|Any CPU
		{1AD6A35C-1759-4966-9071-F633654D0FDC}.Debug|Any CPU.ActiveCfg = Debug|Any CPU
		{1AD6A35C-1759-4966-9071-F633654D0FDC}.Debug|Any CPU.Build.0 = Debug|Any CPU
		{1AD6A35C-1759-4966-9071-F633654D0FDC}.Release|Any CPU.ActiveCfg = Release|Any CPU
		{1AD6A35C-1759-4966-9071-F633654D0FDC}.Release|Any CPU.Build.0 = Release|Any CPU
		{C1E48B4B-AA42-4DF3-ABE1-19D7319996F2}.Debug|Any CPU.ActiveCfg = Debug|Any CPU
		{C1E48B4B-AA42-4DF3-ABE1-19D7319996F2}.Debug|Any CPU.Build.0 = Debug|Any CPU
		{C1E48B4B-AA42-4DF3-ABE1-19D7319996F2}.Release|Any CPU.ActiveCfg = Release|Any CPU
		{C1E48B4B-AA42-4DF3-ABE1-19D7319996F2}.Release|Any CPU.Build.0 = Release|Any CPU
		{0D81F537-DC45-425B-B58B-9DF693D6E880}.Debug|Any CPU.ActiveCfg = Debug|Any CPU
		{0D81F537-DC45-425B-B58B-9DF693D6E880}.Debug|Any CPU.Build.0 = Debug|Any CPU
		{0D81F537-DC45-425B-B58B-9DF693D6E880}.Release|Any CPU.ActiveCfg = Release|Any CPU
		{0D81F537-DC45-425B-B58B-9DF693D6E880}.Release|Any CPU.Build.0 = Release|Any CPU
	EndGlobalSection
	GlobalSection(SolutionProperties) = preSolution
		HideSolutionNode = FALSE
	EndGlobalSection
	GlobalSection(ExtensibilityGlobals) = postSolution
		SolutionGuid = {85419F9A-E61D-4159-B64E-6949F6650B18}
	EndGlobalSection
EndGlobal
