
Microsoft Visual Studio Solution File, Format Version 12.00
# Visual Studio 15
VisualStudioVersion = 15.0.28010.2003
MinimumVisualStudioVersion = 10.0.40219.1
Project("{FAE04EC0-301F-11D3-BF4B-00C04F79EFBC}") = "ClientExample", "MultipleClientServer\ClientExample\ClientExample.csproj", "{07A25A8F-2A12-461A-A309-0E8BDFA3283C}"
EndProject
Global
	GlobalSection(SolutionConfigurationPlatforms) = preSolution
		Debug|Any CPU = Debug|Any CPU
		Release|Any CPU = Release|Any CPU
	EndGlobalSection
	GlobalSection(ProjectConfigurationPlatforms) = postSolution
		{07A25A8F-2A12-461A-A309-0E8BDFA3283C}.Debug|Any CPU.ActiveCfg = Debug|Any CPU
		{07A25A8F-2A12-461A-A309-0E8BDFA3283C}.Debug|Any CPU.Build.0 = Debug|Any CPU
		{07A25A8F-2A12-461A-A309-0E8BDFA3283C}.Release|Any CPU.ActiveCfg = Release|Any CPU
		{07A25A8F-2A12-461A-A309-0E8BDFA3283C}.Release|Any CPU.Build.0 = Release|Any CPU
	EndGlobalSection
	GlobalSection(SolutionProperties) = preSolution
		HideSolutionNode = FALSE
	EndGlobalSection
	GlobalSection(ExtensibilityGlobals) = postSolution
		SolutionGuid = {234CC90A-BB91-47D4-A66B-6884054857B1}
	EndGlobalSection
EndGlobal
