
Microsoft Visual Studio Solution File, Format Version 12.00
# Visual Studio 15
VisualStudioVersion = 15.0.28010.2003
MinimumVisualStudioVersion = 10.0.40219.1
Project("{FAE04EC0-301F-11D3-BF4B-00C04F79EFBC}") = "Multiple_Client_Server", "Multiple_Client_Server\Multiple_Client_Server.csproj", "{CC8EF475-1C31-46ED-BFB3-81A66B80F9BD}"
EndProject
Global
	GlobalSection(SolutionConfigurationPlatforms) = preSolution
		Debug|Any CPU = Debug|Any CPU
		Release|Any CPU = Release|Any CPU
	EndGlobalSection
	GlobalSection(ProjectConfigurationPlatforms) = postSolution
		{CC8EF475-1C31-46ED-BFB3-81A66B80F9BD}.Debug|Any CPU.ActiveCfg = Debug|Any CPU
		{CC8EF475-1C31-46ED-BFB3-81A66B80F9BD}.Debug|Any CPU.Build.0 = Debug|Any CPU
		{CC8EF475-1C31-46ED-BFB3-81A66B80F9BD}.Release|Any CPU.ActiveCfg = Release|Any CPU
		{CC8EF475-1C31-46ED-BFB3-81A66B80F9BD}.Release|Any CPU.Build.0 = Release|Any CPU
	EndGlobalSection
	GlobalSection(SolutionProperties) = preSolution
		HideSolutionNode = FALSE
	EndGlobalSection
	GlobalSection(ExtensibilityGlobals) = postSolution
		SolutionGuid = {A0A4ED8E-8369-44CD-A50F-A29557DF7583}
	EndGlobalSection
EndGlobal
