
Microsoft Visual Studio Solution File, Format Version 12.00
# Visual Studio 15
VisualStudioVersion = 15.0.28010.2003
MinimumVisualStudioVersion = 10.0.40219.1
Project("{FAE04EC0-301F-11D3-BF4B-00C04F79EFBC}") = "ConsoleApp1", "ConsoleApp1\ConsoleApp1.csproj", "{8BEAB904-3EAE-4CC0-8B1A-9ED9AB8F17E5}"
EndProject
Global
	GlobalSection(SolutionConfigurationPlatforms) = preSolution
		Debug|Any CPU = Debug|Any CPU
		Release|Any CPU = Release|Any CPU
	EndGlobalSection
	GlobalSection(ProjectConfigurationPlatforms) = postSolution
		{8BEAB904-3EAE-4CC0-8B1A-9ED9AB8F17E5}.Debug|Any CPU.ActiveCfg = Debug|Any CPU
		{8BEAB904-3EAE-4CC0-8B1A-9ED9AB8F17E5}.Debug|Any CPU.Build.0 = Debug|Any CPU
		{8BEAB904-3EAE-4CC0-8B1A-9ED9AB8F17E5}.Release|Any CPU.ActiveCfg = Release|Any CPU
		{8BEAB904-3EAE-4CC0-8B1A-9ED9AB8F17E5}.Release|Any CPU.Build.0 = Release|Any CPU
	EndGlobalSection
	GlobalSection(SolutionProperties) = preSolution
		HideSolutionNode = FALSE
	EndGlobalSection
	GlobalSection(ExtensibilityGlobals) = postSolution
		SolutionGuid = {78E72AA9-FF1A-4037-9169-6FBC4A9B70C3}
	EndGlobalSection
EndGlobal
