
Microsoft Visual Studio Solution File, Format Version 12.00
# Visual Studio 15
VisualStudioVersion = 15.0.28010.2003
MinimumVisualStudioVersion = 10.0.40219.1
Project("{FAE04EC0-301F-11D3-BF4B-00C04F79EFBC}") = "WindowsFormsApp1", "WindowsFormsApp1\WindowsFormsApp1.csproj", "{615DFC42-2E05-4E55-84F5-6AD68E2C959D}"
EndProject
Global
	GlobalSection(SolutionConfigurationPlatforms) = preSolution
		Debug|Any CPU = Debug|Any CPU
		Release|Any CPU = Release|Any CPU
	EndGlobalSection
	GlobalSection(ProjectConfigurationPlatforms) = postSolution
		{615DFC42-2E05-4E55-84F5-6AD68E2C959D}.Debug|Any CPU.ActiveCfg = Debug|Any CPU
		{615DFC42-2E05-4E55-84F5-6AD68E2C959D}.Debug|Any CPU.Build.0 = Debug|Any CPU
		{615DFC42-2E05-4E55-84F5-6AD68E2C959D}.Release|Any CPU.ActiveCfg = Release|Any CPU
		{615DFC42-2E05-4E55-84F5-6AD68E2C959D}.Release|Any CPU.Build.0 = Release|Any CPU
	EndGlobalSection
	GlobalSection(SolutionProperties) = preSolution
		HideSolutionNode = FALSE
	EndGlobalSection
	GlobalSection(ExtensibilityGlobals) = postSolution
		SolutionGuid = {F616750E-B27C-41FE-9DBB-66163ED359CE}
	EndGlobalSection
EndGlobal
