
Microsoft Visual Studio Solution File, Format Version 12.00
# Visual Studio 15
VisualStudioVersion = 15.0.28010.2003
MinimumVisualStudioVersion = 10.0.40219.1
Project("{FAE04EC0-301F-11D3-BF4B-00C04F79EFBC}") = "Dot.net", "ConsoleApp5\Dot.net.csproj", "{090EBBFB-5CD9-400A-9367-583886F924DA}"
EndProject
Project("{FAE04EC0-301F-11D3-BF4B-00C04F79EFBC}") = "Console app6", "..\ConsoleApp6\Console app6\Console app6.csproj", "{3257DC9D-D190-4A4C-AA69-F80D1C234B75}"
EndProject
Global
	GlobalSection(SolutionConfigurationPlatforms) = preSolution
		Debug|Any CPU = Debug|Any CPU
		Release|Any CPU = Release|Any CPU
	EndGlobalSection
	GlobalSection(ProjectConfigurationPlatforms) = postSolution
		{090EBBFB-5CD9-400A-9367-583886F924DA}.Debug|Any CPU.ActiveCfg = Debug|Any CPU
		{090EBBFB-5CD9-400A-9367-583886F924DA}.Debug|Any CPU.Build.0 = Debug|Any CPU
		{090EBBFB-5CD9-400A-9367-583886F924DA}.Release|Any CPU.ActiveCfg = Release|Any CPU
		{090EBBFB-5CD9-400A-9367-583886F924DA}.Release|Any CPU.Build.0 = Release|Any CPU
		{3257DC9D-D190-4A4C-AA69-F80D1C234B75}.Debug|Any CPU.ActiveCfg = Debug|Any CPU
		{3257DC9D-D190-4A4C-AA69-F80D1C234B75}.Debug|Any CPU.Build.0 = Debug|Any CPU
		{3257DC9D-D190-4A4C-AA69-F80D1C234B75}.Release|Any CPU.ActiveCfg = Release|Any CPU
		{3257DC9D-D190-4A4C-AA69-F80D1C234B75}.Release|Any CPU.Build.0 = Release|Any CPU
	EndGlobalSection
	GlobalSection(SolutionProperties) = preSolution
		HideSolutionNode = FALSE
	EndGlobalSection
	GlobalSection(ExtensibilityGlobals) = postSolution
		SolutionGuid = {2BCF8455-FF65-4BB0-A443-588F9E22E570}
	EndGlobalSection
EndGlobal
